// !$*UTF8*$!
{
	archiveVersion = 1;
	classes = {
	};
	objectVersion = 55;
	objects = {

/* Begin PBXBuildFile section */
		44E328734F0C080312587B13 /* Pods_OCRScanner.framework in Frameworks */ = {isa = PBXBuildFile; fileRef = 27B4B0898D4788D9987EFE61 /* Pods_OCRScanner.framework */; };
		4619251C2723D8630063ED25 /* AppDelegate.swift in Sources */ = {isa = PBXBuildFile; fileRef = 4619251B2723D8630063ED25 /* AppDelegate.swift */; };
		4619251E2723D8630063ED25 /* SceneDelegate.swift in Sources */ = {isa = PBXBuildFile; fileRef = 4619251D2723D8630063ED25 /* SceneDelegate.swift */; };
		461925202723D8630063ED25 /* ViewController.swift in Sources */ = {isa = PBXBuildFile; fileRef = 4619251F2723D8630063ED25 /* ViewController.swift */; };
		461925232723D8630063ED25 /* Main.storyboard in Resources */ = {isa = PBXBuildFile; fileRef = 461925212723D8630063ED25 /* Main.storyboard */; };
		461925252723D8650063ED25 /* Assets.xcassets in Resources */ = {isa = PBXBuildFile; fileRef = 461925242723D8650063ED25 /* Assets.xcassets */; };
		461925282723D8650063ED25 /* LaunchScreen.storyboard in Resources */ = {isa = PBXBuildFile; fileRef = 461925262723D8650063ED25 /* LaunchScreen.storyboard */; };
		461925332723D8650063ED25 /* OCRScannerTests.swift in Sources */ = {isa = PBXBuildFile; fileRef = 461925322723D8650063ED25 /* OCRScannerTests.swift */; };
		4619253D2723D8650063ED25 /* OCRScannerUITests.swift in Sources */ = {isa = PBXBuildFile; fileRef = 4619253C2723D8650063ED25 /* OCRScannerUITests.swift */; };
		4619253F2723D8650063ED25 /* OCRScannerUITestsLaunchTests.swift in Sources */ = {isa = PBXBuildFile; fileRef = 4619253E2723D8650063ED25 /* OCRScannerUITestsLaunchTests.swift */; };
		4619254C2723E7530063ED25 /* OCRTextView.swift in Sources */ = {isa = PBXBuildFile; fileRef = 4619254B2723E7530063ED25 /* OCRTextView.swift */; };
		4619254E2723E7770063ED25 /* ScanButton.swift in Sources */ = {isa = PBXBuildFile; fileRef = 4619254D2723E7770063ED25 /* ScanButton.swift */; };
		461925502723E7920063ED25 /* ScanImageView.swift in Sources */ = {isa = PBXBuildFile; fileRef = 4619254F2723E7920063ED25 /* ScanImageView.swift */; };
		461925522723F56B0063ED25 /* CardViewController.swift in Sources */ = {isa = PBXBuildFile; fileRef = 461925512723F56B0063ED25 /* CardViewController.swift */; };
		4619255427240B830063ED25 /* Card.swift in Sources */ = {isa = PBXBuildFile; fileRef = 4619255327240B830063ED25 /* Card.swift */; };
		46192556272435D20063ED25 /* GoogleService-Info (1).plist in Resources */ = {isa = PBXBuildFile; fileRef = 46192555272435D20063ED25 /* GoogleService-Info (1).plist */; };
		698F7A862B6C8A7DA5E4616B /* Pods_OCRScanner_OCRScannerUITests.framework in Frameworks */ = {isa = PBXBuildFile; fileRef = 383066B13308FF7F13E1C96B /* Pods_OCRScanner_OCRScannerUITests.framework */; };
		DA76AA8392E16FCD40338462 /* Pods_OCRScannerTests.framework in Frameworks */ = {isa = PBXBuildFile; fileRef = E2F59BE56C43780CEB5E5781 /* Pods_OCRScannerTests.framework */; };
/* End PBXBuildFile section */

/* Begin PBXContainerItemProxy section */
		4619252F2723D8650063ED25 /* PBXContainerItemProxy */ = {
			isa = PBXContainerItemProxy;
			containerPortal = 461925102723D8630063ED25 /* Project object */;
			proxyType = 1;
			remoteGlobalIDString = 461925172723D8630063ED25;
			remoteInfo = OCRScanner;
		};
		461925392723D8650063ED25 /* PBXContainerItemProxy */ = {
			isa = PBXContainerItemProxy;
			containerPortal = 461925102723D8630063ED25 /* Project object */;
			proxyType = 1;
			remoteGlobalIDString = 461925172723D8630063ED25;
			remoteInfo = OCRScanner;
		};
/* End PBXContainerItemProxy section */

/* Begin PBXFileReference section */
		0419383EF8302F9C61220F25 /* Pods-OCRScannerTests.release.xcconfig */ = {isa = PBXFileReference; includeInIndex = 1; lastKnownFileType = text.xcconfig; name = "Pods-OCRScannerTests.release.xcconfig"; path = "Target Support Files/Pods-OCRScannerTests/Pods-OCRScannerTests.release.xcconfig"; sourceTree = "<group>"; };
		27B4B0898D4788D9987EFE61 /* Pods_OCRScanner.framework */ = {isa = PBXFileReference; explicitFileType = wrapper.framework; includeInIndex = 0; path = Pods_OCRScanner.framework; sourceTree = BUILT_PRODUCTS_DIR; };
		2DA58F59A8DD3FE7DC5CB2CA /* Pods-OCRScanner-OCRScannerUITests.release.xcconfig */ = {isa = PBXFileReference; includeInIndex = 1; lastKnownFileType = text.xcconfig; name = "Pods-OCRScanner-OCRScannerUITests.release.xcconfig"; path = "Target Support Files/Pods-OCRScanner-OCRScannerUITests/Pods-OCRScanner-OCRScannerUITests.release.xcconfig"; sourceTree = "<group>"; };
		383066B13308FF7F13E1C96B /* Pods_OCRScanner_OCRScannerUITests.framework */ = {isa = PBXFileReference; explicitFileType = wrapper.framework; includeInIndex = 0; path = Pods_OCRScanner_OCRScannerUITests.framework; sourceTree = BUILT_PRODUCTS_DIR; };
		38C008EB9DC111209C7B860E /* Pods-OCRScanner.release.xcconfig */ = {isa = PBXFileReference; includeInIndex = 1; lastKnownFileType = text.xcconfig; name = "Pods-OCRScanner.release.xcconfig"; path = "Target Support Files/Pods-OCRScanner/Pods-OCRScanner.release.xcconfig"; sourceTree = "<group>"; };
		461925182723D8630063ED25 /* OCRScanner.app */ = {isa = PBXFileReference; explicitFileType = wrapper.application; includeInIndex = 0; path = OCRScanner.app; sourceTree = BUILT_PRODUCTS_DIR; };
		4619251B2723D8630063ED25 /* AppDelegate.swift */ = {isa = PBXFileReference; lastKnownFileType = sourcecode.swift; path = AppDelegate.swift; sourceTree = "<group>"; };
		4619251D2723D8630063ED25 /* SceneDelegate.swift */ = {isa = PBXFileReference; lastKnownFileType = sourcecode.swift; path = SceneDelegate.swift; sourceTree = "<group>"; };
		4619251F2723D8630063ED25 /* ViewController.swift */ = {isa = PBXFileReference; lastKnownFileType = sourcecode.swift; path = ViewController.swift; sourceTree = "<group>"; };
		461925222723D8630063ED25 /* Base */ = {isa = PBXFileReference; lastKnownFileType = file.storyboard; name = Base; path = Base.lproj/Main.storyboard; sourceTree = "<group>"; };
		461925242723D8650063ED25 /* Assets.xcassets */ = {isa = PBXFileReference; lastKnownFileType = folder.assetcatalog; path = Assets.xcassets; sourceTree = "<group>"; };
		461925272723D8650063ED25 /* Base */ = {isa = PBXFileReference; lastKnownFileType = file.storyboard; name = Base; path = Base.lproj/LaunchScreen.storyboard; sourceTree = "<group>"; };
		461925292723D8650063ED25 /* Info.plist */ = {isa = PBXFileReference; lastKnownFileType = text.plist.xml; path = Info.plist; sourceTree = "<group>"; };
		4619252E2723D8650063ED25 /* OCRScannerTests.xctest */ = {isa = PBXFileReference; explicitFileType = wrapper.cfbundle; includeInIndex = 0; path = OCRScannerTests.xctest; sourceTree = BUILT_PRODUCTS_DIR; };
		461925322723D8650063ED25 /* OCRScannerTests.swift */ = {isa = PBXFileReference; lastKnownFileType = sourcecode.swift; path = OCRScannerTests.swift; sourceTree = "<group>"; };
		461925382723D8650063ED25 /* OCRScannerUITests.xctest */ = {isa = PBXFileReference; explicitFileType = wrapper.cfbundle; includeInIndex = 0; path = OCRScannerUITests.xctest; sourceTree = BUILT_PRODUCTS_DIR; };
		4619253C2723D8650063ED25 /* OCRScannerUITests.swift */ = {isa = PBXFileReference; lastKnownFileType = sourcecode.swift; path = OCRScannerUITests.swift; sourceTree = "<group>"; };
		4619253E2723D8650063ED25 /* OCRScannerUITestsLaunchTests.swift */ = {isa = PBXFileReference; lastKnownFileType = sourcecode.swift; path = OCRScannerUITestsLaunchTests.swift; sourceTree = "<group>"; };
		4619254B2723E7530063ED25 /* OCRTextView.swift */ = {isa = PBXFileReference; lastKnownFileType = sourcecode.swift; path = OCRTextView.swift; sourceTree = "<group>"; };
		4619254D2723E7770063ED25 /* ScanButton.swift */ = {isa = PBXFileReference; lastKnownFileType = sourcecode.swift; path = ScanButton.swift; sourceTree = "<group>"; };
		4619254F2723E7920063ED25 /* ScanImageView.swift */ = {isa = PBXFileReference; lastKnownFileType = sourcecode.swift; path = ScanImageView.swift; sourceTree = "<group>"; };
		461925512723F56B0063ED25 /* CardViewController.swift */ = {isa = PBXFileReference; lastKnownFileType = sourcecode.swift; path = CardViewController.swift; sourceTree = "<group>"; };
		4619255327240B830063ED25 /* Card.swift */ = {isa = PBXFileReference; lastKnownFileType = sourcecode.swift; path = Card.swift; sourceTree = "<group>"; };
		46192555272435D20063ED25 /* GoogleService-Info (1).plist */ = {isa = PBXFileReference; fileEncoding = 4; lastKnownFileType = text.plist.xml; path = "GoogleService-Info (1).plist"; sourceTree = "<group>"; };
		5179AABDAD9E54A86D40E917 /* Pods-OCRScanner-OCRScannerUITests.debug.xcconfig */ = {isa = PBXFileReference; includeInIndex = 1; lastKnownFileType = text.xcconfig; name = "Pods-OCRScanner-OCRScannerUITests.debug.xcconfig"; path = "Target Support Files/Pods-OCRScanner-OCRScannerUITests/Pods-OCRScanner-OCRScannerUITests.debug.xcconfig"; sourceTree = "<group>"; };
		640F14CAAF7503591C8909AB /* Pods-OCRScanner.debug.xcconfig */ = {isa = PBXFileReference; includeInIndex = 1; lastKnownFileType = text.xcconfig; name = "Pods-OCRScanner.debug.xcconfig"; path = "Target Support Files/Pods-OCRScanner/Pods-OCRScanner.debug.xcconfig"; sourceTree = "<group>"; };
		E1C6A1083C4FD0C1E6D492B7 /* Pods-OCRScannerTests.debug.xcconfig */ = {isa = PBXFileReference; includeInIndex = 1; lastKnownFileType = text.xcconfig; name = "Pods-OCRScannerTests.debug.xcconfig"; path = "Target Support Files/Pods-OCRScannerTests/Pods-OCRScannerTests.debug.xcconfig"; sourceTree = "<group>"; };
		E2F59BE56C43780CEB5E5781 /* Pods_OCRScannerTests.framework */ = {isa = PBXFileReference; explicitFileType = wrapper.framework; includeInIndex = 0; path = Pods_OCRScannerTests.framework; sourceTree = BUILT_PRODUCTS_DIR; };
/* End PBXFileReference section */

/* Begin PBXFrameworksBuildPhase section */
		461925152723D8630063ED25 /* Frameworks */ = {
			isa = PBXFrameworksBuildPhase;
			buildActionMask = 2147483647;
			files = (
				44E328734F0C080312587B13 /* Pods_OCRScanner.framework in Frameworks */,
			);
			runOnlyForDeploymentPostprocessing = 0;
		};
		4619252B2723D8650063ED25 /* Frameworks */ = {
			isa = PBXFrameworksBuildPhase;
			buildActionMask = 2147483647;
			files = (
				DA76AA8392E16FCD40338462 /* Pods_OCRScannerTests.framework in Frameworks */,
			);
			runOnlyForDeploymentPostprocessing = 0;
		};
		461925352723D8650063ED25 /* Frameworks */ = {
			isa = PBXFrameworksBuildPhase;
			buildActionMask = 2147483647;
			files = (
				698F7A862B6C8A7DA5E4616B /* Pods_OCRScanner_OCRScannerUITests.framework in Frameworks */,
			);
			runOnlyForDeploymentPostprocessing = 0;
		};
/* End PBXFrameworksBuildPhase section */

/* Begin PBXGroup section */
		0A04D40C92F12E48B4628983 /* Frameworks */ = {
			isa = PBXGroup;
			children = (
				27B4B0898D4788D9987EFE61 /* Pods_OCRScanner.framework */,
				383066B13308FF7F13E1C96B /* Pods_OCRScanner_OCRScannerUITests.framework */,
				E2F59BE56C43780CEB5E5781 /* Pods_OCRScannerTests.framework */,
			);
			name = Frameworks;
			sourceTree = "<group>";
		};
		4619250F2723D8630063ED25 = {
			isa = PBXGroup;
			children = (
				4619251A2723D8630063ED25 /* OCRScanner */,
				461925312723D8650063ED25 /* OCRScannerTests */,
				4619253B2723D8650063ED25 /* OCRScannerUITests */,
				461925192723D8630063ED25 /* Products */,
				D269A5C60361834678021A37 /* Pods */,
				0A04D40C92F12E48B4628983 /* Frameworks */,
			);
			sourceTree = "<group>";
		};
		461925192723D8630063ED25 /* Products */ = {
			isa = PBXGroup;
			children = (
				461925182723D8630063ED25 /* OCRScanner.app */,
				4619252E2723D8650063ED25 /* OCRScannerTests.xctest */,
				461925382723D8650063ED25 /* OCRScannerUITests.xctest */,
			);
			name = Products;
			sourceTree = "<group>";
		};
		4619251A2723D8630063ED25 /* OCRScanner */ = {
			isa = PBXGroup;
			children = (
				46192555272435D20063ED25 /* GoogleService-Info (1).plist */,
				4619251B2723D8630063ED25 /* AppDelegate.swift */,
				4619251D2723D8630063ED25 /* SceneDelegate.swift */,
				4619251F2723D8630063ED25 /* ViewController.swift */,
				4619254B2723E7530063ED25 /* OCRTextView.swift */,
				4619254D2723E7770063ED25 /* ScanButton.swift */,
				461925212723D8630063ED25 /* Main.storyboard */,
				461925242723D8650063ED25 /* Assets.xcassets */,
				461925262723D8650063ED25 /* LaunchScreen.storyboard */,
				461925292723D8650063ED25 /* Info.plist */,
				4619254F2723E7920063ED25 /* ScanImageView.swift */,
				461925512723F56B0063ED25 /* CardViewController.swift */,
				4619255327240B830063ED25 /* Card.swift */,
			);
			path = OCRScanner;
			sourceTree = "<group>";
		};
		461925312723D8650063ED25 /* OCRScannerTests */ = {
			isa = PBXGroup;
			children = (
				461925322723D8650063ED25 /* OCRScannerTests.swift */,
			);
			path = OCRScannerTests;
			sourceTree = "<group>";
		};
		4619253B2723D8650063ED25 /* OCRScannerUITests */ = {
			isa = PBXGroup;
			children = (
				4619253C2723D8650063ED25 /* OCRScannerUITests.swift */,
				4619253E2723D8650063ED25 /* OCRScannerUITestsLaunchTests.swift */,
			);
			path = OCRScannerUITests;
			sourceTree = "<group>";
		};
		D269A5C60361834678021A37 /* Pods */ = {
			isa = PBXGroup;
			children = (
				640F14CAAF7503591C8909AB /* Pods-OCRScanner.debug.xcconfig */,
				38C008EB9DC111209C7B860E /* Pods-OCRScanner.release.xcconfig */,
				5179AABDAD9E54A86D40E917 /* Pods-OCRScanner-OCRScannerUITests.debug.xcconfig */,
				2DA58F59A8DD3FE7DC5CB2CA /* Pods-OCRScanner-OCRScannerUITests.release.xcconfig */,
				E1C6A1083C4FD0C1E6D492B7 /* Pods-OCRScannerTests.debug.xcconfig */,
				0419383EF8302F9C61220F25 /* Pods-OCRScannerTests.release.xcconfig */,
			);
			path = Pods;
			sourceTree = "<group>";
		};
/* End PBXGroup section */

/* Begin PBXNativeTarget section */
		461925172723D8630063ED25 /* OCRScanner */ = {
			isa = PBXNativeTarget;
			buildConfigurationList = 461925422723D8650063ED25 /* Build configuration list for PBXNativeTarget "OCRScanner" */;
			buildPhases = (
				8280DD467A714F32D7F65E75 /* [CP] Check Pods Manifest.lock */,
				461925142723D8630063ED25 /* Sources */,
				461925152723D8630063ED25 /* Frameworks */,
				461925162723D8630063ED25 /* Resources */,
				CCBCBC3755E34E1D0337E382 /* [CP] Embed Pods Frameworks */,
			);
			buildRules = (
			);
			dependencies = (
			);
			name = OCRScanner;
			productName = OCRScanner;
			productReference = 461925182723D8630063ED25 /* OCRScanner.app */;
			productType = "com.apple.product-type.application";
		};
		4619252D2723D8650063ED25 /* OCRScannerTests */ = {
			isa = PBXNativeTarget;
			buildConfigurationList = 461925452723D8650063ED25 /* Build configuration list for PBXNativeTarget "OCRScannerTests" */;
			buildPhases = (
				A3791C5CA0BDF3D21D7DD3A6 /* [CP] Check Pods Manifest.lock */,
				4619252A2723D8650063ED25 /* Sources */,
				4619252B2723D8650063ED25 /* Frameworks */,
				4619252C2723D8650063ED25 /* Resources */,
			);
			buildRules = (
			);
			dependencies = (
				461925302723D8650063ED25 /* PBXTargetDependency */,
			);
			name = OCRScannerTests;
			productName = OCRScannerTests;
			productReference = 4619252E2723D8650063ED25 /* OCRScannerTests.xctest */;
			productType = "com.apple.product-type.bundle.unit-test";
		};
		461925372723D8650063ED25 /* OCRScannerUITests */ = {
			isa = PBXNativeTarget;
			buildConfigurationList = 461925482723D8650063ED25 /* Build configuration list for PBXNativeTarget "OCRScannerUITests" */;
			buildPhases = (
				F090E9FAC3F8526584D2D82A /* [CP] Check Pods Manifest.lock */,
				461925342723D8650063ED25 /* Sources */,
				461925352723D8650063ED25 /* Frameworks */,
				461925362723D8650063ED25 /* Resources */,
				C2214F84B413465DF5876BCD /* [CP] Embed Pods Frameworks */,
			);
			buildRules = (
			);
			dependencies = (
				4619253A2723D8650063ED25 /* PBXTargetDependency */,
			);
			name = OCRScannerUITests;
			productName = OCRScannerUITests;
			productReference = 461925382723D8650063ED25 /* OCRScannerUITests.xctest */;
			productType = "com.apple.product-type.bundle.ui-testing";
		};
/* End PBXNativeTarget section */

/* Begin PBXProject section */
		461925102723D8630063ED25 /* Project object */ = {
			isa = PBXProject;
			attributes = {
				BuildIndependentTargetsInParallel = 1;
				LastSwiftUpdateCheck = 1300;
				LastUpgradeCheck = 1300;
				TargetAttributes = {
					461925172723D8630063ED25 = {
						CreatedOnToolsVersion = 13.0;
					};
					4619252D2723D8650063ED25 = {
						CreatedOnToolsVersion = 13.0;
						TestTargetID = 461925172723D8630063ED25;
					};
					461925372723D8650063ED25 = {
						CreatedOnToolsVersion = 13.0;
						TestTargetID = 461925172723D8630063ED25;
					};
				};
			};
			buildConfigurationList = 461925132723D8630063ED25 /* Build configuration list for PBXProject "OCRScanner" */;
			compatibilityVersion = "Xcode 13.0";
			developmentRegion = en;
			hasScannedForEncodings = 0;
			knownRegions = (
				en,
				Base,
			);
			mainGroup = 4619250F2723D8630063ED25;
			productRefGroup = 461925192723D8630063ED25 /* Products */;
			projectDirPath = "";
			projectRoot = "";
			targets = (
				461925172723D8630063ED25 /* OCRScanner */,
				4619252D2723D8650063ED25 /* OCRScannerTests */,
				461925372723D8650063ED25 /* OCRScannerUITests */,
			);
		};
/* End PBXProject section */

/* Begin PBXResourcesBuildPhase section */
		461925162723D8630063ED25 /* Resources */ = {
			isa = PBXResourcesBuildPhase;
			buildActionMask = 2147483647;
			files = (
				461925282723D8650063ED25 /* LaunchScreen.storyboard in Resources */,
				461925252723D8650063ED25 /* Assets.xcassets in Resources */,
				461925232723D8630063ED25 /* Main.storyboard in Resources */,
				46192556272435D20063ED25 /* GoogleService-Info (1).plist in Resources */,
			);
			runOnlyForDeploymentPostprocessing = 0;
		};
		4619252C2723D8650063ED25 /* Resources */ = {
			isa = PBXResourcesBuildPhase;
			buildActionMask = 2147483647;
			files = (
			);
			runOnlyForDeploymentPostprocessing = 0;
		};
		461925362723D8650063ED25 /* Resources */ = {
			isa = PBXResourcesBuildPhase;
			buildActionMask = 2147483647;
			files = (
			);
			runOnlyForDeploymentPostprocessing = 0;
		};
/* End PBXResourcesBuildPhase section */

/* Begin PBXShellScriptBuildPhase section */
		8280DD467A714F32D7F65E75 /* [CP] Check Pods Manifest.lock */ = {
			isa = PBXShellScriptBuildPhase;
			buildActionMask = 2147483647;
			files = (
			);
			inputFileListPaths = (
			);
			inputPaths = (
				"${PODS_PODFILE_DIR_PATH}/Podfile.lock",
				"${PODS_ROOT}/Manifest.lock",
			);
			name = "[CP] Check Pods Manifest.lock";
			outputFileListPaths = (
			);
			outputPaths = (
				"$(DERIVED_FILE_DIR)/Pods-OCRScanner-checkManifestLockResult.txt",
			);
			runOnlyForDeploymentPostprocessing = 0;
			shellPath = /bin/sh;
			shellScript = "diff \"${PODS_PODFILE_DIR_PATH}/Podfile.lock\" \"${PODS_ROOT}/Manifest.lock\" > /dev/null\nif [ $? != 0 ] ; then\n    # print error to STDERR\n    echo \"error: The sandbox is not in sync with the Podfile.lock. Run 'pod install' or update your CocoaPods installation.\" >&2\n    exit 1\nfi\n# This output is used by Xcode 'outputs' to avoid re-running this script phase.\necho \"SUCCESS\" > \"${SCRIPT_OUTPUT_FILE_0}\"\n";
			showEnvVarsInLog = 0;
		};
		A3791C5CA0BDF3D21D7DD3A6 /* [CP] Check Pods Manifest.lock */ = {
			isa = PBXShellScriptBuildPhase;
			buildActionMask = 2147483647;
			files = (
			);
			inputFileListPaths = (
			);
			inputPaths = (
				"${PODS_PODFILE_DIR_PATH}/Podfile.lock",
				"${PODS_ROOT}/Manifest.lock",
			);
			name = "[CP] Check Pods Manifest.lock";
			outputFileListPaths = (
			);
			outputPaths = (
				"$(DERIVED_FILE_DIR)/Pods-OCRScannerTests-checkManifestLockResult.txt",
			);
			runOnlyForDeploymentPostprocessing = 0;
			shellPath = /bin/sh;
			shellScript = "diff \"${PODS_PODFILE_DIR_PATH}/Podfile.lock\" \"${PODS_ROOT}/Manifest.lock\" > /dev/null\nif [ $? != 0 ] ; then\n    # print error to STDERR\n    echo \"error: The sandbox is not in sync with the Podfile.lock. Run 'pod install' or update your CocoaPods installation.\" >&2\n    exit 1\nfi\n# This output is used by Xcode 'outputs' to avoid re-running this script phase.\necho \"SUCCESS\" > \"${SCRIPT_OUTPUT_FILE_0}\"\n";
			showEnvVarsInLog = 0;
		};
		C2214F84B413465DF5876BCD /* [CP] Embed Pods Frameworks */ = {
			isa = PBXShellScriptBuildPhase;
			buildActionMask = 2147483647;
			files = (
			);
			inputFileListPaths = (
				"${PODS_ROOT}/Target Support Files/Pods-OCRScanner-OCRScannerUITests/Pods-OCRScanner-OCRScannerUITests-frameworks-${CONFIGURATION}-input-files.xcfilelist",
			);
			name = "[CP] Embed Pods Frameworks";
			outputFileListPaths = (
				"${PODS_ROOT}/Target Support Files/Pods-OCRScanner-OCRScannerUITests/Pods-OCRScanner-OCRScannerUITests-frameworks-${CONFIGURATION}-output-files.xcfilelist",
			);
			runOnlyForDeploymentPostprocessing = 0;
			shellPath = /bin/sh;
			shellScript = "\"${PODS_ROOT}/Target Support Files/Pods-OCRScanner-OCRScannerUITests/Pods-OCRScanner-OCRScannerUITests-frameworks.sh\"\n";
			showEnvVarsInLog = 0;
		};
		CCBCBC3755E34E1D0337E382 /* [CP] Embed Pods Frameworks */ = {
			isa = PBXShellScriptBuildPhase;
			buildActionMask = 2147483647;
			files = (
			);
			inputFileListPaths = (
				"${PODS_ROOT}/Target Support Files/Pods-OCRScanner/Pods-OCRScanner-frameworks-${CONFIGURATION}-input-files.xcfilelist",
			);
			name = "[CP] Embed Pods Frameworks";
			outputFileListPaths = (
				"${PODS_ROOT}/Target Support Files/Pods-OCRScanner/Pods-OCRScanner-frameworks-${CONFIGURATION}-output-files.xcfilelist",
			);
			runOnlyForDeploymentPostprocessing = 0;
			shellPath = /bin/sh;
			shellScript = "\"${PODS_ROOT}/Target Support Files/Pods-OCRScanner/Pods-OCRScanner-frameworks.sh\"\n";
			showEnvVarsInLog = 0;
		};
		F090E9FAC3F8526584D2D82A /* [CP] Check Pods Manifest.lock */ = {
			isa = PBXShellScriptBuildPhase;
			buildActionMask = 2147483647;
			files = (
			);
			inputFileListPaths = (
			);
			inputPaths = (
				"${PODS_PODFILE_DIR_PATH}/Podfile.lock",
				"${PODS_ROOT}/Manifest.lock",
			);
			name = "[CP] Check Pods Manifest.lock";
			outputFileListPaths = (
			);
			outputPaths = (
				"$(DERIVED_FILE_DIR)/Pods-OCRScanner-OCRScannerUITests-checkManifestLockResult.txt",
			);
			runOnlyForDeploymentPostprocessing = 0;
			shellPath = /bin/sh;
			shellScript = "diff \"${PODS_PODFILE_DIR_PATH}/Podfile.lock\" \"${PODS_ROOT}/Manifest.lock\" > /dev/null\nif [ $? != 0 ] ; then\n    # print error to STDERR\n    echo \"error: The sandbox is not in sync with the Podfile.lock. Run 'pod install' or update your CocoaPods installation.\" >&2\n    exit 1\nfi\n# This output is used by Xcode 'outputs' to avoid re-running this script phase.\necho \"SUCCESS\" > \"${SCRIPT_OUTPUT_FILE_0}\"\n";
			showEnvVarsInLog = 0;
		};
/* End PBXShellScriptBuildPhase section */

/* Begin PBXSourcesBuildPhase section */
		461925142723D8630063ED25 /* Sources */ = {
			isa = PBXSourcesBuildPhase;
			buildActionMask = 2147483647;
			files = (
				4619254E2723E7770063ED25 /* ScanButton.swift in Sources */,
				461925522723F56B0063ED25 /* CardViewController.swift in Sources */,
				4619254C2723E7530063ED25 /* OCRTextView.swift in Sources */,
				461925202723D8630063ED25 /* ViewController.swift in Sources */,
				4619251C2723D8630063ED25 /* AppDelegate.swift in Sources */,
				4619251E2723D8630063ED25 /* SceneDelegate.swift in Sources */,
				461925502723E7920063ED25 /* ScanImageView.swift in Sources */,
				4619255427240B830063ED25 /* Card.swift in Sources */,
			);
			runOnlyForDeploymentPostprocessing = 0;
		};
		4619252A2723D8650063ED25 /* Sources */ = {
			isa = PBXSourcesBuildPhase;
			buildActionMask = 2147483647;
			files = (
				461925332723D8650063ED25 /* OCRScannerTests.swift in Sources */,
			);
			runOnlyForDeploymentPostprocessing = 0;
		};
		461925342723D8650063ED25 /* Sources */ = {
			isa = PBXSourcesBuildPhase;
			buildActionMask = 2147483647;
			files = (
				4619253F2723D8650063ED25 /* OCRScannerUITestsLaunchTests.swift in Sources */,
				4619253D2723D8650063ED25 /* OCRScannerUITests.swift in Sources */,
			);
			runOnlyForDeploymentPostprocessing = 0;
		};
/* End PBXSourcesBuildPhase section */

/* Begin PBXTargetDependency section */
		461925302723D8650063ED25 /* PBXTargetDependency */ = {
			isa = PBXTargetDependency;
			target = 461925172723D8630063ED25 /* OCRScanner */;
			targetProxy = 4619252F2723D8650063ED25 /* PBXContainerItemProxy */;
		};
		4619253A2723D8650063ED25 /* PBXTargetDependency */ = {
			isa = PBXTargetDependency;
			target = 461925172723D8630063ED25 /* OCRScanner */;
			targetProxy = 461925392723D8650063ED25 /* PBXContainerItemProxy */;
		};
/* End PBXTargetDependency section */

/* Begin PBXVariantGroup section */
		461925212723D8630063ED25 /* Main.storyboard */ = {
			isa = PBXVariantGroup;
			children = (
				461925222723D8630063ED25 /* Base */,
			);
			name = Main.storyboard;
			sourceTree = "<group>";
		};
		461925262723D8650063ED25 /* LaunchScreen.storyboard */ = {
			isa = PBXVariantGroup;
			children = (
				461925272723D8650063ED25 /* Base */,
			);
			name = LaunchScreen.storyboard;
			sourceTree = "<group>";
		};
/* End PBXVariantGroup section */

/* Begin XCBuildConfiguration section */
		461925402723D8650063ED25 /* Debug */ = {
			isa = XCBuildConfiguration;
			buildSettings = {
				ALWAYS_SEARCH_USER_PATHS = NO;
				CLANG_ANALYZER_NONNULL = YES;
				CLANG_ANALYZER_NUMBER_OBJECT_CONVERSION = YES_AGGRESSIVE;
				CLANG_CXX_LANGUAGE_STANDARD = "gnu++17";
				CLANG_CXX_LIBRARY = "libc++";
				CLANG_ENABLE_MODULES = YES;
				CLANG_ENABLE_OBJC_ARC = YES;
				CLANG_ENABLE_OBJC_WEAK = YES;
				CLANG_WARN_BLOCK_CAPTURE_AUTORELEASING = YES;
				CLANG_WARN_BOOL_CONVERSION = YES;
				CLANG_WARN_COMMA = YES;
				CLANG_WARN_CONSTANT_CONVERSION = YES;
				CLANG_WARN_DEPRECATED_OBJC_IMPLEMENTATIONS = YES;
				CLANG_WARN_DIRECT_OBJC_ISA_USAGE = YES_ERROR;
				CLANG_WARN_DOCUMENTATION_COMMENTS = YES;
				CLANG_WARN_EMPTY_BODY = YES;
				CLANG_WARN_ENUM_CONVERSION = YES;
				CLANG_WARN_INFINITE_RECURSION = YES;
				CLANG_WARN_INT_CONVERSION = YES;
				CLANG_WARN_NON_LITERAL_NULL_CONVERSION = YES;
				CLANG_WARN_OBJC_IMPLICIT_RETAIN_SELF = YES;
				CLANG_WARN_OBJC_LITERAL_CONVERSION = YES;
				CLANG_WARN_OBJC_ROOT_CLASS = YES_ERROR;
				CLANG_WARN_QUOTED_INCLUDE_IN_FRAMEWORK_HEADER = YES;
				CLANG_WARN_RANGE_LOOP_ANALYSIS = YES;
				CLANG_WARN_STRICT_PROTOTYPES = YES;
				CLANG_WARN_SUSPICIOUS_MOVE = YES;
				CLANG_WARN_UNGUARDED_AVAILABILITY = YES_AGGRESSIVE;
				CLANG_WARN_UNREACHABLE_CODE = YES;
				CLANG_WARN__DUPLICATE_METHOD_MATCH = YES;
				COPY_PHASE_STRIP = NO;
				DEBUG_INFORMATION_FORMAT = dwarf;
				ENABLE_STRICT_OBJC_MSGSEND = YES;
				ENABLE_TESTABILITY = YES;
				GCC_C_LANGUAGE_STANDARD = gnu11;
				GCC_DYNAMIC_NO_PIC = NO;
				GCC_NO_COMMON_BLOCKS = YES;
				GCC_OPTIMIZATION_LEVEL = 0;
				GCC_PREPROCESSOR_DEFINITIONS = (
					"DEBUG=1",
					"$(inherited)",
				);
				GCC_WARN_64_TO_32_BIT_CONVERSION = YES;
				GCC_WARN_ABOUT_RETURN_TYPE = YES_ERROR;
				GCC_WARN_UNDECLARED_SELECTOR = YES;
				GCC_WARN_UNINITIALIZED_AUTOS = YES_AGGRESSIVE;
				GCC_WARN_UNUSED_FUNCTION = YES;
				GCC_WARN_UNUSED_VARIABLE = YES;
				IPHONEOS_DEPLOYMENT_TARGET = 15.0;
				MTL_ENABLE_DEBUG_INFO = INCLUDE_SOURCE;
				MTL_FAST_MATH = YES;
				ONLY_ACTIVE_ARCH = YES;
				SDKROOT = iphoneos;
				SWIFT_ACTIVE_COMPILATION_CONDITIONS = DEBUG;
				SWIFT_OPTIMIZATION_LEVEL = "-Onone";
			};
			name = Debug;
		};
		461925412723D8650063ED25 /* Release */ = {
			isa = XCBuildConfiguration;
			buildSettings = {
				ALWAYS_SEARCH_USER_PATHS = NO;
				CLANG_ANALYZER_NONNULL = YES;
				CLANG_ANALYZER_NUMBER_OBJECT_CONVERSION = YES_AGGRESSIVE;
				CLANG_CXX_LANGUAGE_STANDARD = "gnu++17";
				CLANG_CXX_LIBRARY = "libc++";
				CLANG_ENABLE_MODULES = YES;
				CLANG_ENABLE_OBJC_ARC = YES;
				CLANG_ENABLE_OBJC_WEAK = YES;
				CLANG_WARN_BLOCK_CAPTURE_AUTORELEASING = YES;
				CLANG_WARN_BOOL_CONVERSION = YES;
				CLANG_WARN_COMMA = YES;
				CLANG_WARN_CONSTANT_CONVERSION = YES;
				CLANG_WARN_DEPRECATED_OBJC_IMPLEMENTATIONS = YES;
				CLANG_WARN_DIRECT_OBJC_ISA_USAGE = YES_ERROR;
				CLANG_WARN_DOCUMENTATION_COMMENTS = YES;
				CLANG_WARN_EMPTY_BODY = YES;
				CLANG_WARN_ENUM_CONVERSION = YES;
				CLANG_WARN_INFINITE_RECURSION = YES;
				CLANG_WARN_INT_CONVERSION = YES;
				CLANG_WARN_NON_LITERAL_NULL_CONVERSION = YES;
				CLANG_WARN_OBJC_IMPLICIT_RETAIN_SELF = YES;
				CLANG_WARN_OBJC_LITERAL_CONVERSION = YES;
				CLANG_WARN_OBJC_ROOT_CLASS = YES_ERROR;
				CLANG_WARN_QUOTED_INCLUDE_IN_FRAMEWORK_HEADER = YES;
				CLANG_WARN_RANGE_LOOP_ANALYSIS = YES;
				CLANG_WARN_STRICT_PROTOTYPES = YES;
				CLANG_WARN_SUSPICIOUS_MOVE = YES;
				CLANG_WARN_UNGUARDED_AVAILABILITY = YES_AGGRESSIVE;
				CLANG_WARN_UNREACHABLE_CODE = YES;
				CLANG_WARN__DUPLICATE_METHOD_MATCH = YES;
				COPY_PHASE_STRIP = NO;
				DEBUG_INFORMATION_FORMAT = "dwarf-with-dsym";
				ENABLE_NS_ASSERTIONS = NO;
				ENABLE_STRICT_OBJC_MSGSEND = YES;
				GCC_C_LANGUAGE_STANDARD = gnu11;
				GCC_NO_COMMON_BLOCKS = YES;
				GCC_WARN_64_TO_32_BIT_CONVERSION = YES;
				GCC_WARN_ABOUT_RETURN_TYPE = YES_ERROR;
				GCC_WARN_UNDECLARED_SELECTOR = YES;
				GCC_WARN_UNINITIALIZED_AUTOS = YES_AGGRESSIVE;
				GCC_WARN_UNUSED_FUNCTION = YES;
				GCC_WARN_UNUSED_VARIABLE = YES;
				IPHONEOS_DEPLOYMENT_TARGET = 15.0;
				MTL_ENABLE_DEBUG_INFO = NO;
				MTL_FAST_MATH = YES;
				SDKROOT = iphoneos;
				SWIFT_COMPILATION_MODE = wholemodule;
				SWIFT_OPTIMIZATION_LEVEL = "-O";
				VALIDATE_PRODUCT = YES;
			};
			name = Release;
		};
		461925432723D8650063ED25 /* Debug */ = {
			isa = XCBuildConfiguration;
			baseConfigurationReference = 640F14CAAF7503591C8909AB /* Pods-OCRScanner.debug.xcconfig */;
			buildSettings = {
				ASSETCATALOG_COMPILER_APPICON_NAME = AppIcon;
				ASSETCATALOG_COMPILER_GLOBAL_ACCENT_COLOR_NAME = AccentColor;
				CODE_SIGN_STYLE = Automatic;
				CURRENT_PROJECT_VERSION = 1;
				GENERATE_INFOPLIST_FILE = YES;
				INFOPLIST_FILE = OCRScanner/Info.plist;
				INFOPLIST_KEY_NSCameraUsageDescription = "To use the camera";
				INFOPLIST_KEY_UIApplicationSupportsIndirectInputEvents = YES;
				INFOPLIST_KEY_UILaunchStoryboardName = LaunchScreen;
				INFOPLIST_KEY_UIMainStoryboardFile = Main;
				INFOPLIST_KEY_UISupportedInterfaceOrientations_iPad = "UIInterfaceOrientationPortrait UIInterfaceOrientationPortraitUpsideDown UIInterfaceOrientationLandscapeLeft UIInterfaceOrientationLandscapeRight";
				INFOPLIST_KEY_UISupportedInterfaceOrientations_iPhone = "UIInterfaceOrientationPortrait UIInterfaceOrientationLandscapeLeft UIInterfaceOrientationLandscapeRight";
				LD_RUNPATH_SEARCH_PATHS = (
					"$(inherited)",
					"@executable_path/Frameworks",
				);
				MARKETING_VERSION = 1.0;
				PRODUCT_BUNDLE_IDENTIFIER = Elbowroom.OCRScanner;
				PRODUCT_NAME = "$(TARGET_NAME)";
				SWIFT_EMIT_LOC_STRINGS = YES;
				SWIFT_VERSION = 5.0;
				TARGETED_DEVICE_FAMILY = "1,2";
			};
			name = Debug;
		};
		461925442723D8650063ED25 /* Release */ = {
			isa = XCBuildConfiguration;
			baseConfigurationReference = 38C008EB9DC111209C7B860E /* Pods-OCRScanner.release.xcconfig */;
			buildSettings = {
				ASSETCATALOG_COMPILER_APPICON_NAME = AppIcon;
				ASSETCATALOG_COMPILER_GLOBAL_ACCENT_COLOR_NAME = AccentColor;
				CODE_SIGN_STYLE = Automatic;
				CURRENT_PROJECT_VERSION = 1;
				GENERATE_INFOPLIST_FILE = YES;
				INFOPLIST_FILE = OCRScanner/Info.plist;
				INFOPLIST_KEY_NSCameraUsageDescription = "To use the camera";
				INFOPLIST_KEY_UIApplicationSupportsIndirectInputEvents = YES;
				INFOPLIST_KEY_UILaunchStoryboardName = LaunchScreen;
				INFOPLIST_KEY_UIMainStoryboardFile = Main;
				INFOPLIST_KEY_UISupportedInterfaceOrientations_iPad = "UIInterfaceOrientationPortrait UIInterfaceOrientationPortraitUpsideDown UIInterfaceOrientationLandscapeLeft UIInterfaceOrientationLandscapeRight";
				INFOPLIST_KEY_UISupportedInterfaceOrientations_iPhone = "UIInterfaceOrientationPortrait UIInterfaceOrientationLandscapeLeft UIInterfaceOrientationLandscapeRight";
				LD_RUNPATH_SEARCH_PATHS = (
					"$(inherited)",
					"@executable_path/Frameworks",
				);
				MARKETING_VERSION = 1.0;
				PRODUCT_BUNDLE_IDENTIFIER = Elbowroom.OCRScanner;
				PRODUCT_NAME = "$(TARGET_NAME)";
				SWIFT_EMIT_LOC_STRINGS = YES;
				SWIFT_VERSION = 5.0;
				TARGETED_DEVICE_FAMILY = "1,2";
			};
			name = Release;
		};
		461925462723D8650063ED25 /* Debug */ = {
			isa = XCBuildConfiguration;
			baseConfigurationReference = E1C6A1083C4FD0C1E6D492B7 /* Pods-OCRScannerTests.debug.xcconfig */;
			buildSettings = {
				ALWAYS_EMBED_SWIFT_STANDARD_LIBRARIES = YES;
				BUNDLE_LOADER = "$(TEST_HOST)";
				CODE_SIGN_STYLE = Automatic;
				CURRENT_PROJECT_VERSION = 1;
				GENERATE_INFOPLIST_FILE = YES;
				IPHONEOS_DEPLOYMENT_TARGET = 15.0;
				LD_RUNPATH_SEARCH_PATHS = (
					"$(inherited)",
					"@executable_path/Frameworks",
					"@loader_path/Frameworks",
				);
				MARKETING_VERSION = 1.0;
				PRODUCT_BUNDLE_IDENTIFIER = Elbowroom.OCRScannerTests;
				PRODUCT_NAME = "$(TARGET_NAME)";
				SWIFT_EMIT_LOC_STRINGS = NO;
				SWIFT_VERSION = 5.0;
				TARGETED_DEVICE_FAMILY = "1,2";
				TEST_HOST = "$(BUILT_PRODUCTS_DIR)/OCRScanner.app/OCRScanner";
			};
			name = Debug;
		};
		461925472723D8650063ED25 /* Release */ = {
			isa = XCBuildConfiguration;
			baseConfigurationReference = 0419383EF8302F9C61220F25 /* Pods-OCRScannerTests.release.xcconfig */;
			buildSettings = {
				ALWAYS_EMBED_SWIFT_STANDARD_LIBRARIES = YES;
				BUNDLE_LOADER = "$(TEST_HOST)";
				CODE_SIGN_STYLE = Automatic;
				CURRENT_PROJECT_VERSION = 1;
				GENERATE_INFOPLIST_FILE = YES;
				IPHONEOS_DEPLOYMENT_TARGET = 15.0;
				LD_RUNPATH_SEARCH_PATHS = (
					"$(inherited)",
					"@executable_path/Frameworks",
					"@loader_path/Frameworks",
				);
				MARKETING_VERSION = 1.0;
				PRODUCT_BUNDLE_IDENTIFIER = Elbowroom.OCRScannerTests;
				PRODUCT_NAME = "$(TARGET_NAME)";
				SWIFT_EMIT_LOC_STRINGS = NO;
				SWIFT_VERSION = 5.0;
				TARGETED_DEVICE_FAMILY = "1,2";
				TEST_HOST = "$(BUILT_PRODUCTS_DIR)/OCRScanner.app/OCRScanner";
			};
			name = Release;
		};
		461925492723D8650063ED25 /* Debug */ = {
			isa = XCBuildConfiguration;
			baseConfigurationReference = 5179AABDAD9E54A86D40E917 /* Pods-OCRScanner-OCRScannerUITests.debug.xcconfig */;
			buildSettings = {
				ALWAYS_EMBED_SWIFT_STANDARD_LIBRARIES = YES;
				CODE_SIGN_STYLE = Automatic;
				CURRENT_PROJECT_VERSION = 1;
				GENERATE_INFOPLIST_FILE = YES;
				LD_RUNPATH_SEARCH_PATHS = (
					"$(inherited)",
					"@executable_path/Frameworks",
					"@loader_path/Frameworks",
				);
				MARKETING_VERSION = 1.0;
				PRODUCT_BUNDLE_IDENTIFIER = Elbowroom.OCRScannerUITests;
				PRODUCT_NAME = "$(TARGET_NAME)";
				SWIFT_EMIT_LOC_STRINGS = NO;
				SWIFT_VERSION = 5.0;
				TARGETED_DEVICE_FAMILY = "1,2";
				TEST_TARGET_NAME = OCRScanner;
			};
			name = Debug;
		};
		4619254A2723D8650063ED25 /* Release */ = {
			isa = XCBuildConfiguration;
			baseConfigurationReference = 2DA58F59A8DD3FE7DC5CB2CA /* Pods-OCRScanner-OCRScannerUITests.release.xcconfig */;
			buildSettings = {
				ALWAYS_EMBED_SWIFT_STANDARD_LIBRARIES = YES;
				CODE_SIGN_STYLE = Automatic;
				CURRENT_PROJECT_VERSION = 1;
				GENERATE_INFOPLIST_FILE = YES;
				LD_RUNPATH_SEARCH_PATHS = (
					"$(inherited)",
					"@executable_path/Frameworks",
					"@loader_path/Frameworks",
				);
				MARKETING_VERSION = 1.0;
				PRODUCT_BUNDLE_IDENTIFIER = Elbowroom.OCRScannerUITests;
				PRODUCT_NAME = "$(TARGET_NAME)";
				SWIFT_EMIT_LOC_STRINGS = NO;
				SWIFT_VERSION = 5.0;
				TARGETED_DEVICE_FAMILY = "1,2";
				TEST_TARGET_NAME = OCRScanner;
			};
			name = Release;
		};
/* End XCBuildConfiguration section */

/* Begin XCConfigurationList section */
		461925132723D8630063ED25 /* Build configuration list for PBXProject "OCRScanner" */ = {
			isa = XCConfigurationList;
			buildConfigurations = (
				461925402723D8650063ED25 /* Debug */,
				461925412723D8650063ED25 /* Release */,
			);
			defaultConfigurationIsVisible = 0;
			defaultConfigurationName = Release;
		};
		461925422723D8650063ED25 /* Build configuration list for PBXNativeTarget "OCRScanner" */ = {
			isa = XCConfigurationList;
			buildConfigurations = (
				461925432723D8650063ED25 /* Debug */,
				461925442723D8650063ED25 /* Release */,
			);
			defaultConfigurationIsVisible = 0;
			defaultConfigurationName = Release;
		};
		461925452723D8650063ED25 /* Build configuration list for PBXNativeTarget "OCRScannerTests" */ = {
			isa = XCConfigurationList;
			buildConfigurations = (
				461925462723D8650063ED25 /* Debug */,
				461925472723D8650063ED25 /* Release */,
			);
			defaultConfigurationIsVisible = 0;
			defaultConfigurationName = Release;
		};
		461925482723D8650063ED25 /* Build configuration list for PBXNativeTarget "OCRScannerUITests" */ = {
			isa = XCConfigurationList;
			buildConfigurations = (
				461925492723D8650063ED25 /* Debug */,
				4619254A2723D8650063ED25 /* Release */,
			);
			defaultConfigurationIsVisible = 0;
			defaultConfigurationName = Release;
		};
/* End XCConfigurationList section */
	};
	rootObject = 461925102723D8630063ED25 /* Project object */;
}
